
Microsoft Visual Studio Solution File, Format Version 12.00
# Visual Studio 2012
Project("{2150E333-8FDC-42A3-9474-1A3956D46DE8}") = "WebUI", "WebUI", "{78989681-7BC5-47BD-AAD2-FFCACE8AAD91}"
EndProject
Project("{FAE04EC0-301F-11D3-BF4B-00C04F79EFBC}") = "Net.WebUI", "WebUI\Net.WebUI\Net.WebUI.csproj", "{9FA407EA-95A4-4AD1-BF88-38263CB6F5BE}"
EndProject
Project("{2150E333-8FDC-42A3-9474-1A3956D46DE8}") = "Library", "Library", "{435BE2A1-0BC5-434E-9749-84285D42892D}"
EndProject
Project("{FAE04EC0-301F-11D3-BF4B-00C04F79EFBC}") = "Net.Common", "Library\Net.Common\Net.Common.csproj", "{A8F70B79-F1B8-4CFE-9DE1-9277A4E44267}"
EndProject
Project("{FAE04EC0-301F-11D3-BF4B-00C04F79EFBC}") = "DAL", "DAL\DAL.csproj", "{4226CB43-C074-47EF-8BD8-A136B098BF3F}"
EndProject
Project("{FAE04EC0-301F-11D3-BF4B-00C04F79EFBC}") = "Library.Object3D", "Library\Library.Object3D\Library.Object3D.csproj", "{4A6BA430-E008-4A40-9405-A3F164E3701E}"
EndProject
Project("{2150E333-8FDC-42A3-9474-1A3956D46DE8}") = "BizDac", "BizDac", "{1BC0C5C0-0B4A-4105-B0E4-EE9904B78593}"
EndProject
Project("{FAE04EC0-301F-11D3-BF4B-00C04F79EFBC}") = "Doc.BizDac", "BizDac\Doc.BizDac\Doc.BizDac.csproj", "{0E03CD69-7866-4DB2-A97F-C67E4C7169A2}"
EndProject
Project("{FAE04EC0-301F-11D3-BF4B-00C04F79EFBC}") = "Doc.Data", "BizDac\Doc.Data\Doc.Data.csproj", "{6EA79C61-C3E1-430D-B64F-79062BC54BAC}"
EndProject
Project("{FAE04EC0-301F-11D3-BF4B-00C04F79EFBC}") = "Net.WebApi", "WebUI\Net.WebApi\Net.WebApi.csproj", "{1BADCDA6-09C4-4424-9824-22D6AA52BCF2}"
EndProject
Global
	GlobalSection(SolutionConfigurationPlatforms) = preSolution
		Debug|Any CPU = Debug|Any CPU
		Release|Any CPU = Release|Any CPU
	EndGlobalSection
	GlobalSection(ProjectConfigurationPlatforms) = postSolution
		{9FA407EA-95A4-4AD1-BF88-38263CB6F5BE}.Debug|Any CPU.ActiveCfg = Debug|Any CPU
		{9FA407EA-95A4-4AD1-BF88-38263CB6F5BE}.Debug|Any CPU.Build.0 = Debug|Any CPU
		{9FA407EA-95A4-4AD1-BF88-38263CB6F5BE}.Release|Any CPU.ActiveCfg = Release|Any CPU
		{9FA407EA-95A4-4AD1-BF88-38263CB6F5BE}.Release|Any CPU.Build.0 = Release|Any CPU
		{A8F70B79-F1B8-4CFE-9DE1-9277A4E44267}.Debug|Any CPU.ActiveCfg = Debug|Any CPU
		{A8F70B79-F1B8-4CFE-9DE1-9277A4E44267}.Debug|Any CPU.Build.0 = Debug|Any CPU
		{A8F70B79-F1B8-4CFE-9DE1-9277A4E44267}.Release|Any CPU.ActiveCfg = Release|Any CPU
		{A8F70B79-F1B8-4CFE-9DE1-9277A4E44267}.Release|Any CPU.Build.0 = Release|Any CPU
		{4226CB43-C074-47EF-8BD8-A136B098BF3F}.Debug|Any CPU.ActiveCfg = Debug|Any CPU
		{4226CB43-C074-47EF-8BD8-A136B098BF3F}.Debug|Any CPU.Build.0 = Debug|Any CPU
		{4226CB43-C074-47EF-8BD8-A136B098BF3F}.Release|Any CPU.ActiveCfg = Release|Any CPU
		{4226CB43-C074-47EF-8BD8-A136B098BF3F}.Release|Any CPU.Build.0 = Release|Any CPU
		{4A6BA430-E008-4A40-9405-A3F164E3701E}.Debug|Any CPU.ActiveCfg = Debug|Any CPU
		{4A6BA430-E008-4A40-9405-A3F164E3701E}.Debug|Any CPU.Build.0 = Debug|Any CPU
		{4A6BA430-E008-4A40-9405-A3F164E3701E}.Release|Any CPU.ActiveCfg = Release|Any CPU
		{4A6BA430-E008-4A40-9405-A3F164E3701E}.Release|Any CPU.Build.0 = Release|Any CPU
		{0E03CD69-7866-4DB2-A97F-C67E4C7169A2}.Debug|Any CPU.ActiveCfg = Debug|Any CPU
		{0E03CD69-7866-4DB2-A97F-C67E4C7169A2}.Debug|Any CPU.Build.0 = Debug|Any CPU
		{0E03CD69-7866-4DB2-A97F-C67E4C7169A2}.Release|Any CPU.ActiveCfg = Release|Any CPU
		{0E03CD69-7866-4DB2-A97F-C67E4C7169A2}.Release|Any CPU.Build.0 = Release|Any CPU
		{6EA79C61-C3E1-430D-B64F-79062BC54BAC}.Debug|Any CPU.ActiveCfg = Debug|Any CPU
		{6EA79C61-C3E1-430D-B64F-79062BC54BAC}.Debug|Any CPU.Build.0 = Debug|Any CPU
		{6EA79C61-C3E1-430D-B64F-79062BC54BAC}.Release|Any CPU.ActiveCfg = Release|Any CPU
		{6EA79C61-C3E1-430D-B64F-79062BC54BAC}.Release|Any CPU.Build.0 = Release|Any CPU
		{1BADCDA6-09C4-4424-9824-22D6AA52BCF2}.Debug|Any CPU.ActiveCfg = Debug|Any CPU
		{1BADCDA6-09C4-4424-9824-22D6AA52BCF2}.Debug|Any CPU.Build.0 = Debug|Any CPU
		{1BADCDA6-09C4-4424-9824-22D6AA52BCF2}.Release|Any CPU.ActiveCfg = Release|Any CPU
		{1BADCDA6-09C4-4424-9824-22D6AA52BCF2}.Release|Any CPU.Build.0 = Release|Any CPU
	EndGlobalSection
	GlobalSection(SolutionProperties) = preSolution
		HideSolutionNode = FALSE
	EndGlobalSection
	GlobalSection(NestedProjects) = preSolution
		{9FA407EA-95A4-4AD1-BF88-38263CB6F5BE} = {78989681-7BC5-47BD-AAD2-FFCACE8AAD91}
		{1BADCDA6-09C4-4424-9824-22D6AA52BCF2} = {78989681-7BC5-47BD-AAD2-FFCACE8AAD91}
		{A8F70B79-F1B8-4CFE-9DE1-9277A4E44267} = {435BE2A1-0BC5-434E-9749-84285D42892D}
		{4A6BA430-E008-4A40-9405-A3F164E3701E} = {435BE2A1-0BC5-434E-9749-84285D42892D}
		{0E03CD69-7866-4DB2-A97F-C67E4C7169A2} = {1BC0C5C0-0B4A-4105-B0E4-EE9904B78593}
		{6EA79C61-C3E1-430D-B64F-79062BC54BAC} = {1BC0C5C0-0B4A-4105-B0E4-EE9904B78593}
	EndGlobalSection
EndGlobal
